
Microsoft Visual Studio Solution File, Format Version 12.00
# Visual Studio 2012
Project("{8BC9CEB8-8B4A-11D0-8D11-00A0C91BC942}") = "ELFDump", "examples\elfdump\ELFDump.vcxproj", "{CBAA735F-E237-4976-909F-2349920ED871}"
EndProject
Project("{8BC9CEB8-8B4A-11D0-8D11-00A0C91BC942}") = "ELFIOTest", "ELFIOTest\ELFIOTest.vcxproj", "{FC8A3379-B8AA-4C32-804F-F8C43AFBC2A1}"
EndProject
Project("{8BC9CEB8-8B4A-11D0-8D11-00A0C91BC942}") = "writer", "examples\writer\writer.vcxproj", "{4E5A96DB-F6E9-4EEE-90BE-67B722DA8C84}"
EndProject
Global
	GlobalSection(SolutionConfigurationPlatforms) = preSolution
		Debug|Win32 = Debug|Win32
		Release|Win32 = Release|Win32
	EndGlobalSection
	GlobalSection(ProjectConfigurationPlatforms) = postSolution
		{CBAA735F-E237-4976-909F-2349920ED871}.Debug|Win32.ActiveCfg = Debug|Win32
		{CBAA735F-E237-4976-909F-2349920ED871}.Debug|Win32.Build.0 = Debug|Win32
		{CBAA735F-E237-4976-909F-2349920ED871}.Release|Win32.ActiveCfg = Release|Win32
		{CBAA735F-E237-4976-909F-2349920ED871}.Release|Win32.Build.0 = Release|Win32
		{FC8A3379-B8AA-4C32-804F-F8C43AFBC2A1}.Debug|Win32.ActiveCfg = Debug|Win32
		{FC8A3379-B8AA-4C32-804F-F8C43AFBC2A1}.Debug|Win32.Build.0 = Debug|Win32
		{FC8A3379-B8AA-4C32-804F-F8C43AFBC2A1}.Release|Win32.ActiveCfg = Release|Win32
		{FC8A3379-B8AA-4C32-804F-F8C43AFBC2A1}.Release|Win32.Build.0 = Release|Win32
		{4E5A96DB-F6E9-4EEE-90BE-67B722DA8C84}.Debug|Win32.ActiveCfg = Debug|Win32
		{4E5A96DB-F6E9-4EEE-90BE-67B722DA8C84}.Debug|Win32.Build.0 = Debug|Win32
		{4E5A96DB-F6E9-4EEE-90BE-67B722DA8C84}.Release|Win32.ActiveCfg = Release|Win32
		{4E5A96DB-F6E9-4EEE-90BE-67B722DA8C84}.Release|Win32.Build.0 = Release|Win32
	EndGlobalSection
	GlobalSection(SolutionProperties) = preSolution
		HideSolutionNode = FALSE
	EndGlobalSection
EndGlobal
